// !$*UTF8*$!
{
	archiveVersion = 1;
	classes = {
	};
	objectVersion = 46;
	objects = {

/* Begin PBXBuildFile section */
		04020D8D1ED54E6E00CEE41E /* main.m in Sources */ = {isa = PBXBuildFile; fileRef = 04020D8C1ED54E6E00CEE41E /* main.m */; };
		04020D901ED54E6E00CEE41E /* AppDelegate.m in Sources */ = {isa = PBXBuildFile; fileRef = 04020D8F1ED54E6E00CEE41E /* AppDelegate.m */; };
		04020D931ED54E6E00CEE41E /* ViewController.m in Sources */ = {isa = PBXBuildFile; fileRef = 04020D921ED54E6E00CEE41E /* ViewController.m */; };
		04020D961ED54E6E00CEE41E /* Main.storyboard in Resources */ = {isa = PBXBuildFile; fileRef = 04020D941ED54E6E00CEE41E /* Main.storyboard */; };
		04020D981ED54E6E00CEE41E /* Assets.xcassets in Resources */ = {isa = PBXBuildFile; fileRef = 04020D971ED54E6E00CEE41E /* Assets.xcassets */; };
		04020D9B1ED54E6E00CEE41E /* LaunchScreen.storyboard in Resources */ = {isa = PBXBuildFile; fileRef = 04020D991ED54E6E00CEE41E /* LaunchScreen.storyboard */; };
		04020DA41ED54E9B00CEE41E /* CDrawView.m in Sources */ = {isa = PBXBuildFile; fileRef = 04020DA31ED54E9B00CEE41E /* CDrawView.m */; };
/* End PBXBuildFile section */

/* Begin PBXFileReference section */
		04020D881ED54E6E00CEE41E /* DrawRect_.app */ = {isa = PBXFileReference; explicitFileType = wrapper.application; includeInIndex = 0; path = DrawRect_.app; sourceTree = BUILT_PRODUCTS_DIR; };
		04020D8C1ED54E6E00CEE41E /* main.m */ = {isa = PBXFileReference; lastKnownFileType = sourcecode.c.objc; path = main.m; sourceTree = "<group>"; };
		04020D8E1ED54E6E00CEE41E /* AppDelegate.h */ = {isa = PBXFileReference; lastKnownFileType = sourcecode.c.h; path = AppDelegate.h; sourceTree = "<group>"; };
		04020D8F1ED54E6E00CEE41E /* AppDelegate.m */ = {isa = PBXFileReference; lastKnownFileType = sourcecode.c.objc; path = AppDelegate.m; sourceTree = "<group>"; };
		04020D911ED54E6E00CEE41E /* ViewController.h */ = {isa = PBXFileReference; lastKnownFileType = sourcecode.c.h; path = ViewController.h; sourceTree = "<group>"; };
		04020D921ED54E6E00CEE41E /* ViewController.m */ = {isa = PBXFileReference; lastKnownFileType = sourcecode.c.objc; path = ViewController.m; sourceTree = "<group>"; };
		04020D951ED54E6E00CEE41E /* Base */ = {isa = PBXFileReference; lastKnownFileType = file.storyboard; name = Base; path = Base.lproj/Main.storyboard; sourceTree = "<group>"; };
		04020D971ED54E6E00CEE41E /* Assets.xcassets */ = {isa = PBXFileReference; lastKnownFileType = folder.assetcatalog; path = Assets.xcassets; sourceTree = "<group>"; };
		04020D9A1ED54E6E00CEE41E /* Base */ = {isa = PBXFileReference; lastKnownFileType = file.storyboard; name = Base; path = Base.lproj/LaunchScreen.storyboard; sourceTree = "<group>"; };
		04020D9C1ED54E6E00CEE41E /* Info.plist */ = {isa = PBXFileReference; lastKnownFileType = text.plist.xml; path = Info.plist; sourceTree = "<group>"; };
		04020DA21ED54E9B00CEE41E /* CDrawView.h */ = {isa = PBXFileReference; fileEncoding = 4; lastKnownFileType = sourcecode.c.h; path = CDrawView.h; sourceTree = "<group>"; };
		04020DA31ED54E9B00CEE41E /* CDrawView.m */ = {isa = PBXFileReference; fileEncoding = 4; lastKnownFileType = sourcecode.c.objc; path = CDrawView.m; sourceTree = "<group>"; };
/* End PBXFileReference section */

/* Begin PBXFrameworksBuildPhase section */
		04020D851ED54E6E00CEE41E /* Frameworks */ = {
			isa = PBXFrameworksBuildPhase;
			buildActionMask = 2147483647;
			files = (
			);
			runOnlyForDeploymentPostprocessing = 0;
		};
/* End PBXFrameworksBuildPhase section */

/* Begin PBXGroup section */
		04020D7F1ED54E6E00CEE41E = {
			isa = PBXGroup;
			children = (
				04020D8A1ED54E6E00CEE41E /* DrawRect_ */,
				04020D891ED54E6E00CEE41E /* Products */,
			);
			sourceTree = "<group>";
		};
		04020D891ED54E6E00CEE41E /* Products */ = {
			isa = PBXGroup;
			children = (
				04020D881ED54E6E00CEE41E /* DrawRect_.app */,
			);
			name = Products;
			sourceTree = "<group>";
		};
		04020D8A1ED54E6E00CEE41E /* DrawRect_ */ = {
			isa = PBXGroup;
			children = (
				04020D8E1ED54E6E00CEE41E /* AppDelegate.h */,
				04020D8F1ED54E6E00CEE41E /* AppDelegate.m */,
				04020D911ED54E6E00CEE41E /* ViewController.h */,
				04020D921ED54E6E00CEE41E /* ViewController.m */,
				04020DA21ED54E9B00CEE41E /* CDrawView.h */,
				04020DA31ED54E9B00CEE41E /* CDrawView.m */,
				04020D941ED54E6E00CEE41E /* Main.storyboard */,
				04020D971ED54E6E00CEE41E /* Assets.xcassets */,
				04020D991ED54E6E00CEE41E /* LaunchScreen.storyboard */,
				04020D9C1ED54E6E00CEE41E /* Info.plist */,
				04020D8B1ED54E6E00CEE41E /* Supporting Files */,
			);
			path = DrawRect_;
			sourceTree = "<group>";
		};
		04020D8B1ED54E6E00CEE41E /* Supporting Files */ = {
			isa = PBXGroup;
			children = (
				04020D8C1ED54E6E00CEE41E /* main.m */,
			);
			name = "Supporting Files";
			sourceTree = "<group>";
		};
/* End PBXGroup section */

/* Begin PBXNativeTarget section */
		04020D871ED54E6E00CEE41E /* DrawRect_ */ = {
			isa = PBXNativeTarget;
			buildConfigurationList = 04020D9F1ED54E6E00CEE41E /* Build configuration list for PBXNativeTarget "DrawRect_" */;
			buildPhases = (
				04020D841ED54E6E00CEE41E /* Sources */,
				04020D851ED54E6E00CEE41E /* Frameworks */,
				04020D861ED54E6E00CEE41E /* Resources */,
			);
			buildRules = (
			);
			dependencies = (
			);
			name = DrawRect_;
			productName = DrawRect_;
			productReference = 04020D881ED54E6E00CEE41E /* DrawRect_.app */;
			productType = "com.apple.product-type.application";
		};
/* End PBXNativeTarget section */

/* Begin PBXProject section */
		04020D801ED54E6E00CEE41E /* Project object */ = {
			isa = PBXProject;
			attributes = {
				LastUpgradeCheck = 0820;
				ORGANIZATIONNAME = cai;
				TargetAttributes = {
					04020D871ED54E6E00CEE41E = {
						CreatedOnToolsVersion = 8.2.1;
						DevelopmentTeam = D75W8X4F7B;
						ProvisioningStyle = Automatic;
					};
				};
			};
			buildConfigurationList = 04020D831ED54E6E00CEE41E /* Build configuration list for PBXProject "DrawRect_" */;
			compatibilityVersion = "Xcode 3.2";
			developmentRegion = English;
			hasScannedForEncodings = 0;
			knownRegions = (
				en,
				Base,
			);
			mainGroup = 04020D7F1ED54E6E00CEE41E;
			productRefGroup = 04020D891ED54E6E00CEE41E /* Products */;
			projectDirPath = "";
			projectRoot = "";
			targets = (
				04020D871ED54E6E00CEE41E /* DrawRect_ */,
			);
		};
/* End PBXProject section */

/* Begin PBXResourcesBuildPhase section */
		04020D861ED54E6E00CEE41E /* Resources */ = {
			isa = PBXResourcesBuildPhase;
			buildActionMask = 2147483647;
			files = (
				04020D9B1ED54E6E00CEE41E /* LaunchScreen.storyboard in Resources */,
				04020D981ED54E6E00CEE41E /* Assets.xcassets in Resources */,
				04020D961ED54E6E00CEE41E /* Main.storyboard in Resources */,
			);
			runOnlyForDeploymentPostprocessing = 0;
		};
/* End PBXResourcesBuildPhase section */

/* Begin PBXSourcesBuildPhase section */
		04020D841ED54E6E00CEE41E /* Sources */ = {
			isa = PBXSourcesBuildPhase;
			buildActionMask = 2147483647;
			files = (
				04020D931ED54E6E00CEE41E /* ViewController.m in Sources */,
				04020D901ED54E6E00CEE41E /* AppDelegate.m in Sources */,
				04020DA41ED54E9B00CEE41E /* CDrawView.m in Sources */,
				04020D8D1ED54E6E00CEE41E /* main.m in Sources */,
			);
			runOnlyForDeploymentPostprocessing = 0;
		};
/* End PBXSourcesBuildPhase section */

/* Begin PBXVariantGroup section */
		04020D941ED54E6E00CEE41E /* Main.storyboard */ = {
			isa = PBXVariantGroup;
			children = (
				04020D951ED54E6E00CEE41E /* Base */,
			);
			name = Main.storyboard;
			sourceTree = "<group>";
		};
		04020D991ED54E6E00CEE41E /* LaunchScreen.storyboard */ = {
			isa = PBXVariantGroup;
			children = (
				04020D9A1ED54E6E00CEE41E /* Base */,
			);
			name = LaunchScreen.storyboard;
			sourceTree = "<group>";
		};
/* End PBXVariantGroup section */

/* Begin XCBuildConfiguration section */
		04020D9D1ED54E6E00CEE41E /* Debug */ = {
			isa = XCBuildConfiguration;
			buildSettings = {
				ALWAYS_SEARCH_USER_PATHS = NO;
				CLANG_ANALYZER_NONNULL = YES;
				CLANG_CXX_LANGUAGE_STANDARD = "gnu++0x";
				CLANG_CXX_LIBRARY = "libc++";
				CLANG_ENABLE_MODULES = YES;
				CLANG_ENABLE_OBJC_ARC = YES;
				CLANG_WARN_BOOL_CONVERSION = YES;
				CLANG_WARN_CONSTANT_CONVERSION = YES;
				CLANG_WARN_DIRECT_OBJC_ISA_USAGE = YES_ERROR;
				CLANG_WARN_DOCUMENTATION_COMMENTS = YES;
				CLANG_WARN_EMPTY_BODY = YES;
				CLANG_WARN_ENUM_CONVERSION = YES;
				CLANG_WARN_INFINITE_RECURSION = YES;
				CLANG_WARN_INT_CONVERSION = YES;
				CLANG_WARN_OBJC_ROOT_CLASS = YES_ERROR;
				CLANG_WARN_SUSPICIOUS_MOVE = YES;
				CLANG_WARN_UNREACHABLE_CODE = YES;
				CLANG_WARN__DUPLICATE_METHOD_MATCH = YES;
				"CODE_SIGN_IDENTITY[sdk=iphoneos*]" = "iPhone Developer";
				COPY_PHASE_STRIP = NO;
				DEBUG_INFORMATION_FORMAT = dwarf;
				ENABLE_STRICT_OBJC_MSGSEND = YES;
				ENABLE_TESTABILITY = YES;
				GCC_C_LANGUAGE_STANDARD = gnu99;
				GCC_DYNAMIC_NO_PIC = NO;
				GCC_NO_COMMON_BLOCKS = YES;
				GCC_OPTIMIZATION_LEVEL = 0;
				GCC_PREPROCESSOR_DEFINITIONS = (
					"DEBUG=1",
					"$(inherited)",
				);
				GCC_WARN_64_TO_32_BIT_CONVERSION = YES;
				GCC_WARN_ABOUT_RETURN_TYPE = YES_ERROR;
				GCC_WARN_UNDECLARED_SELECTOR = YES;
				GCC_WARN_UNINITIALIZED_AUTOS = YES_AGGRESSIVE;
				GCC_WARN_UNUSED_FUNCTION = YES;
				GCC_WARN_UNUSED_VARIABLE = YES;
				IPHONEOS_DEPLOYMENT_TARGET = 10.2;
				MTL_ENABLE_DEBUG_INFO = YES;
				ONLY_ACTIVE_ARCH = YES;
				SDKROOT = iphoneos;
			};
			name = Debug;
		};
		04020D9E1ED54E6E00CEE41E /* Release */ = {
			isa = XCBuildConfiguration;
			buildSettings = {
				ALWAYS_SEARCH_USER_PATHS = NO;
				CLANG_ANALYZER_NONNULL = YES;
				CLANG_CXX_LANGUAGE_STANDARD = "gnu++0x";
				CLANG_CXX_LIBRARY = "libc++";
				CLANG_ENABLE_MODULES = YES;
				CLANG_ENABLE_OBJC_ARC = YES;
				CLANG_WARN_BOOL_CONVERSION = YES;
				CLANG_WARN_CONSTANT_CONVERSION = YES;
				CLANG_WARN_DIRECT_OBJC_ISA_USAGE = YES_ERROR;
				CLANG_WARN_DOCUMENTATION_COMMENTS = YES;
				CLANG_WARN_EMPTY_BODY = YES;
				CLANG_WARN_ENUM_CONVERSION = YES;
				CLANG_WARN_INFINITE_RECURSION = YES;
				CLANG_WARN_INT_CONVERSION = YES;
				CLANG_WARN_OBJC_ROOT_CLASS = YES_ERROR;
				CLANG_WARN_SUSPICIOUS_MOVE = YES;
				CLANG_WARN_UNREACHABLE_CODE = YES;
				CLANG_WARN__DUPLICATE_METHOD_MATCH = YES;
				"CODE_SIGN_IDENTITY[sdk=iphoneos*]" = "iPhone Developer";
				COPY_PHASE_STRIP = NO;
				DEBUG_INFORMATION_FORMAT = "dwarf-with-dsym";
				ENABLE_NS_ASSERTIONS = NO;
				ENABLE_STRICT_OBJC_MSGSEND = YES;
				GCC_C_LANGUAGE_STANDARD = gnu99;
				GCC_NO_COMMON_BLOCKS = YES;
				GCC_WARN_64_TO_32_BIT_CONVERSION = YES;
				GCC_WARN_ABOUT_RETURN_TYPE = YES_ERROR;
				GCC_WARN_UNDECLARED_SELECTOR = YES;
				GCC_WARN_UNINITIALIZED_AUTOS = YES_AGGRESSIVE;
				GCC_WARN_UNUSED_FUNCTION = YES;
				GCC_WARN_UNUSED_VARIABLE = YES;
				IPHONEOS_DEPLOYMENT_TARGET = 10.2;
				MTL_ENABLE_DEBUG_INFO = NO;
				SDKROOT = iphoneos;
				VALIDATE_PRODUCT = YES;
			};
			name = Release;
		};
		04020DA01ED54E6E00CEE41E /* Debug */ = {
			isa = XCBuildConfiguration;
			buildSettings = {
				ASSETCATALOG_COMPILER_APPICON_NAME = AppIcon;
				DEVELOPMENT_TEAM = D75W8X4F7B;
				INFOPLIST_FILE = DrawRect_/Info.plist;
				LD_RUNPATH_SEARCH_PATHS = "$(inherited) @executable_path/Frameworks";
				PRODUCT_BUNDLE_IDENTIFIER = "com.cai.DrawRect-";
				PRODUCT_NAME = "$(TARGET_NAME)";
			};
			name = Debug;
		};
		04020DA11ED54E6E00CEE41E /* Release */ = {
			isa = XCBuildConfiguration;
			buildSettings = {
				ASSETCATALOG_COMPILER_APPICON_NAME = AppIcon;
				DEVELOPMENT_TEAM = D75W8X4F7B;
				INFOPLIST_FILE = DrawRect_/Info.plist;
				LD_RUNPATH_SEARCH_PATHS = "$(inherited) @executable_path/Frameworks";
				PRODUCT_BUNDLE_IDENTIFIER = "com.cai.DrawRect-";
				PRODUCT_NAME = "$(TARGET_NAME)";
			};
			name = Release;
		};
/* End XCBuildConfiguration section */

/* Begin XCConfigurationList section */
		04020D831ED54E6E00CEE41E /* Build configuration list for PBXProject "DrawRect_" */ = {
			isa = XCConfigurationList;
			buildConfigurations = (
				04020D9D1ED54E6E00CEE41E /* Debug */,
				04020D9E1ED54E6E00CEE41E /* Release */,
			);
			defaultConfigurationIsVisible = 0;
			defaultConfigurationName = Release;
		};
		04020D9F1ED54E6E00CEE41E /* Build configuration list for PBXNativeTarget "DrawRect_" */ = {
			isa = XCConfigurationList;
			buildConfigurations = (
				04020DA01ED54E6E00CEE41E /* Debug */,
				04020DA11ED54E6E00CEE41E /* Release */,
			);
			defaultConfigurationIsVisible = 0;
		};
/* End XCConfigurationList section */
	};
	rootObject = 04020D801ED54E6E00CEE41E /* Project object */;
}
